// !$*UTF8*$!
{
	archiveVersion = 1;
	classes = {
	};
	objectVersion = 46;
	objects = {

/* Begin PBXBuildFile section */
		551116BE1F0F20350029912A /* AppDelegate.swift in Sources */ = {isa = PBXBuildFile; fileRef = 551116BD1F0F20350029912A /* AppDelegate.swift */; };
		551116C01F0F20350029912A /* ViewController.swift in Sources */ = {isa = PBXBuildFile; fileRef = 551116BF1F0F20350029912A /* ViewController.swift */; };
		551116C31F0F20350029912A /* Main.storyboard in Resources */ = {isa = PBXBuildFile; fileRef = 551116C11F0F20350029912A /* Main.storyboard */; };
		551116C51F0F20350029912A /* Assets.xcassets in Resources */ = {isa = PBXBuildFile; fileRef = 551116C41F0F20350029912A /* Assets.xcassets */; };
		551116C81F0F20350029912A /* LaunchScreen.storyboard in Resources */ = {isa = PBXBuildFile; fileRef = 551116C61F0F20350029912A /* LaunchScreen.storyboard */; };
		551116D31F0F20350029912A /* welcomePageTests.swift in Sources */ = {isa = PBXBuildFile; fileRef = 551116D21F0F20350029912A /* welcomePageTests.swift */; };
		551116DE1F0F20350029912A /* welcomePageUITests.swift in Sources */ = {isa = PBXBuildFile; fileRef = 551116DD1F0F20350029912A /* welcomePageUITests.swift */; };
		551116EC1F0F604B0029912A /* SecondViewController.swift in Sources */ = {isa = PBXBuildFile; fileRef = 551116EB1F0F604B0029912A /* SecondViewController.swift */; };
/* End PBXBuildFile section */

/* Begin PBXContainerItemProxy section */
		551116CF1F0F20350029912A /* PBXContainerItemProxy */ = {
			isa = PBXContainerItemProxy;
			containerPortal = 551116B21F0F20340029912A /* Project object */;
			proxyType = 1;
			remoteGlobalIDString = 551116B91F0F20350029912A;
			remoteInfo = welcomePage;
		};
		551116DA1F0F20350029912A /* PBXContainerItemProxy */ = {
			isa = PBXContainerItemProxy;
			containerPortal = 551116B21F0F20340029912A /* Project object */;
			proxyType = 1;
			remoteGlobalIDString = 551116B91F0F20350029912A;
			remoteInfo = welcomePage;
		};
/* End PBXContainerItemProxy section */

/* Begin PBXFileReference section */
		551116BA1F0F20350029912A /* welcomePage.app */ = {isa = PBXFileReference; explicitFileType = wrapper.application; includeInIndex = 0; path = welcomePage.app; sourceTree = BUILT_PRODUCTS_DIR; };
		551116BD1F0F20350029912A /* AppDelegate.swift */ = {isa = PBXFileReference; lastKnownFileType = sourcecode.swift; path = AppDelegate.swift; sourceTree = "<group>"; };
		551116BF1F0F20350029912A /* ViewController.swift */ = {isa = PBXFileReference; lastKnownFileType = sourcecode.swift; path = ViewController.swift; sourceTree = "<group>"; };
		551116C21F0F20350029912A /* Base */ = {isa = PBXFileReference; lastKnownFileType = file.storyboard; name = Base; path = Base.lproj/Main.storyboard; sourceTree = "<group>"; };
		551116C41F0F20350029912A /* Assets.xcassets */ = {isa = PBXFileReference; lastKnownFileType = folder.assetcatalog; path = Assets.xcassets; sourceTree = "<group>"; };
		551116C71F0F20350029912A /* Base */ = {isa = PBXFileReference; lastKnownFileType = file.storyboard; name = Base; path = Base.lproj/LaunchScreen.storyboard; sourceTree = "<group>"; };
		551116C91F0F20350029912A /* Info.plist */ = {isa = PBXFileReference; lastKnownFileType = text.plist.xml; path = Info.plist; sourceTree = "<group>"; };
		551116CE1F0F20350029912A /* welcomePageTests.xctest */ = {isa = PBXFileReference; explicitFileType = wrapper.cfbundle; includeInIndex = 0; path = welcomePageTests.xctest; sourceTree = BUILT_PRODUCTS_DIR; };
		551116D21F0F20350029912A /* welcomePageTests.swift */ = {isa = PBXFileReference; lastKnownFileType = sourcecode.swift; path = welcomePageTests.swift; sourceTree = "<group>"; };
		551116D41F0F20350029912A /* Info.plist */ = {isa = PBXFileReference; lastKnownFileType = text.plist.xml; path = Info.plist; sourceTree = "<group>"; };
		551116D91F0F20350029912A /* welcomePageUITests.xctest */ = {isa = PBXFileReference; explicitFileType = wrapper.cfbundle; includeInIndex = 0; path = welcomePageUITests.xctest; sourceTree = BUILT_PRODUCTS_DIR; };
		551116DD1F0F20350029912A /* welcomePageUITests.swift */ = {isa = PBXFileReference; lastKnownFileType = sourcecode.swift; path = welcomePageUITests.swift; sourceTree = "<group>"; };
		551116DF1F0F20350029912A /* Info.plist */ = {isa = PBXFileReference; lastKnownFileType = text.plist.xml; path = Info.plist; sourceTree = "<group>"; };
		551116EB1F0F604B0029912A /* SecondViewController.swift */ = {isa = PBXFileReference; fileEncoding = 4; lastKnownFileType = sourcecode.swift; path = SecondViewController.swift; sourceTree = "<group>"; };
/* End PBXFileReference section */

/* Begin PBXFrameworksBuildPhase section */
		551116B71F0F20350029912A /* Frameworks */ = {
			isa = PBXFrameworksBuildPhase;
			buildActionMask = 2147483647;
			files = (
			);
			runOnlyForDeploymentPostprocessing = 0;
		};
		551116CB1F0F20350029912A /* Frameworks */ = {
			isa = PBXFrameworksBuildPhase;
			buildActionMask = 2147483647;
			files = (
			);
			runOnlyForDeploymentPostprocessing = 0;
		};
		551116D61F0F20350029912A /* Frameworks */ = {
			isa = PBXFrameworksBuildPhase;
			buildActionMask = 2147483647;
			files = (
			);
			runOnlyForDeploymentPostprocessing = 0;
		};
/* End PBXFrameworksBuildPhase section */

/* Begin PBXGroup section */
		551116B11F0F20340029912A = {
			isa = PBXGroup;
			children = (
				551116BC1F0F20350029912A /* welcomePage */,
				551116D11F0F20350029912A /* welcomePageTests */,
				551116DC1F0F20350029912A /* welcomePageUITests */,
				551116BB1F0F20350029912A /* Products */,
			);
			sourceTree = "<group>";
		};
		551116BB1F0F20350029912A /* Products */ = {
			isa = PBXGroup;
			children = (
				551116BA1F0F20350029912A /* welcomePage.app */,
				551116CE1F0F20350029912A /* welcomePageTests.xctest */,
				551116D91F0F20350029912A /* welcomePageUITests.xctest */,
			);
			name = Products;
			sourceTree = "<group>";
		};
		551116BC1F0F20350029912A /* welcomePage */ = {
			isa = PBXGroup;
			children = (
				551116BD1F0F20350029912A /* AppDelegate.swift */,
				551116BF1F0F20350029912A /* ViewController.swift */,
				551116EB1F0F604B0029912A /* SecondViewController.swift */,
				551116C11F0F20350029912A /* Main.storyboard */,
				551116C41F0F20350029912A /* Assets.xcassets */,
				551116C61F0F20350029912A /* LaunchScreen.storyboard */,
				551116C91F0F20350029912A /* Info.plist */,
			);
			path = welcomePage;
			sourceTree = "<group>";
		};
		551116D11F0F20350029912A /* welcomePageTests */ = {
			isa = PBXGroup;
			children = (
				551116D21F0F20350029912A /* welcomePageTests.swift */,
				551116D41F0F20350029912A /* Info.plist */,
			);
			path = welcomePageTests;
			sourceTree = "<group>";
		};
		551116DC1F0F20350029912A /* welcomePageUITests */ = {
			isa = PBXGroup;
			children = (
				551116DD1F0F20350029912A /* welcomePageUITests.swift */,
				551116DF1F0F20350029912A /* Info.plist */,
			);
			path = welcomePageUITests;
			sourceTree = "<group>";
		};
/* End PBXGroup section */

/* Begin PBXNativeTarget section */
		551116B91F0F20350029912A /* welcomePage */ = {
			isa = PBXNativeTarget;
			buildConfigurationList = 551116E21F0F20350029912A /* Build configuration list for PBXNativeTarget "welcomePage" */;
			buildPhases = (
				551116B61F0F20350029912A /* Sources */,
				551116B71F0F20350029912A /* Frameworks */,
				551116B81F0F20350029912A /* Resources */,
			);
			buildRules = (
			);
			dependencies = (
			);
			name = welcomePage;
			productName = welcomePage;
			productReference = 551116BA1F0F20350029912A /* welcomePage.app */;
			productType = "com.apple.product-type.application";
		};
		551116CD1F0F20350029912A /* welcomePageTests */ = {
			isa = PBXNativeTarget;
			buildConfigurationList = 551116E51F0F20350029912A /* Build configuration list for PBXNativeTarget "welcomePageTests" */;
			buildPhases = (
				551116CA1F0F20350029912A /* Sources */,
				551116CB1F0F20350029912A /* Frameworks */,
				551116CC1F0F20350029912A /* Resources */,
			);
			buildRules = (
			);
			dependencies = (
				551116D01F0F20350029912A /* PBXTargetDependency */,
			);
			name = welcomePageTests;
			productName = welcomePageTests;
			productReference = 551116CE1F0F20350029912A /* welcomePageTests.xctest */;
			productType = "com.apple.product-type.bundle.unit-test";
		};
		551116D81F0F20350029912A /* welcomePageUITests */ = {
			isa = PBXNativeTarget;
			buildConfigurationList = 551116E81F0F20350029912A /* Build configuration list for PBXNativeTarget "welcomePageUITests" */;
			buildPhases = (
				551116D51F0F20350029912A /* Sources */,
				551116D61F0F20350029912A /* Frameworks */,
				551116D71F0F20350029912A /* Resources */,
			);
			buildRules = (
			);
			dependencies = (
				551116DB1F0F20350029912A /* PBXTargetDependency */,
			);
			name = welcomePageUITests;
			productName = welcomePageUITests;
			productReference = 551116D91F0F20350029912A /* welcomePageUITests.xctest */;
			productType = "com.apple.product-type.bundle.ui-testing";
		};
/* End PBXNativeTarget section */

/* Begin PBXProject section */
		551116B21F0F20340029912A /* Project object */ = {
			isa = PBXProject;
			attributes = {
				LastUpgradeCheck = 0710;
				ORGANIZATIONNAME = idea_liujl;
				TargetAttributes = {
					551116B91F0F20350029912A = {
						CreatedOnToolsVersion = 7.1;
					};
					551116CD1F0F20350029912A = {
						CreatedOnToolsVersion = 7.1;
						TestTargetID = 551116B91F0F20350029912A;
					};
					551116D81F0F20350029912A = {
						CreatedOnToolsVersion = 7.1;
						TestTargetID = 551116B91F0F20350029912A;
					};
				};
			};
			buildConfigurationList = 551116B51F0F20340029912A /* Build configuration list for PBXProject "welcomePage" */;
			compatibilityVersion = "Xcode 3.2";
			developmentRegion = English;
			hasScannedForEncodings = 0;
			knownRegions = (
				en,
				Base,
			);
			mainGroup = 551116B11F0F20340029912A;
			productRefGroup = 551116BB1F0F20350029912A /* Products */;
			projectDirPath = "";
			projectRoot = "";
			targets = (
				551116B91F0F20350029912A /* welcomePage */,
				551116CD1F0F20350029912A /* welcomePageTests */,
				551116D81F0F20350029912A /* welcomePageUITests */,
			);
		};
/* End PBXProject section */

/* Begin PBXResourcesBuildPhase section */
		551116B81F0F20350029912A /* Resources */ = {
			isa = PBXResourcesBuildPhase;
			buildActionMask = 2147483647;
			files = (
				551116C81F0F20350029912A /* LaunchScreen.storyboard in Resources */,
				551116C51F0F20350029912A /* Assets.xcassets in Resources */,
				551116C31F0F20350029912A /* Main.storyboard in Resources */,
			);
			runOnlyForDeploymentPostprocessing = 0;
		};
		551116CC1F0F20350029912A /* Resources */ = {
			isa = PBXResourcesBuildPhase;
			buildActionMask = 2147483647;
			files = (
			);
			runOnlyForDeploymentPostprocessing = 0;
		};
		551116D71F0F20350029912A /* Resources */ = {
			isa = PBXResourcesBuildPhase;
			buildActionMask = 2147483647;
			files = (
			);
			runOnlyForDeploymentPostprocessing = 0;
		};
/* End PBXResourcesBuildPhase section */

/* Begin PBXSourcesBuildPhase section */
		551116B61F0F20350029912A /* Sources */ = {
			isa = PBXSourcesBuildPhase;
			buildActionMask = 2147483647;
			files = (
				551116EC1F0F604B0029912A /* SecondViewController.swift in Sources */,
				551116C01F0F20350029912A /* ViewController.swift in Sources */,
				551116BE1F0F20350029912A /* AppDelegate.swift in Sources */,
			);
			runOnlyForDeploymentPostprocessing = 0;
		};
		551116CA1F0F20350029912A /* Sources */ = {
			isa = PBXSourcesBuildPhase;
			buildActionMask = 2147483647;
			files = (
				551116D31F0F20350029912A /* welcomePageTests.swift in Sources */,
			);
			runOnlyForDeploymentPostprocessing = 0;
		};
		551116D51F0F20350029912A /* Sources */ = {
			isa = PBXSourcesBuildPhase;
			buildActionMask = 2147483647;
			files = (
				551116DE1F0F20350029912A /* welcomePageUITests.swift in Sources */,
			);
			runOnlyForDeploymentPostprocessing = 0;
		};
/* End PBXSourcesBuildPhase section */

/* Begin PBXTargetDependency section */
		551116D01F0F20350029912A /* PBXTargetDependency */ = {
			isa = PBXTargetDependency;
			target = 551116B91F0F20350029912A /* welcomePage */;
			targetProxy = 551116CF1F0F20350029912A /* PBXContainerItemProxy */;
		};
		551116DB1F0F20350029912A /* PBXTargetDependency */ = {
			isa = PBXTargetDependency;
			target = 551116B91F0F20350029912A /* welcomePage */;
			targetProxy = 551116DA1F0F20350029912A /* PBXContainerItemProxy */;
		};
/* End PBXTargetDependency section */

/* Begin PBXVariantGroup section */
		551116C11F0F20350029912A /* Main.storyboard */ = {
			isa = PBXVariantGroup;
			children = (
				551116C21F0F20350029912A /* Base */,
			);
			name = Main.storyboard;
			sourceTree = "<group>";
		};
		551116C61F0F20350029912A /* LaunchScreen.storyboard */ = {
			isa = PBXVariantGroup;
			children = (
				551116C71F0F20350029912A /* Base */,
			);
			name = LaunchScreen.storyboard;
			sourceTree = "<group>";
		};
/* End PBXVariantGroup section */

/* Begin XCBuildConfiguration section */
		551116E01F0F20350029912A /* Debug */ = {
			isa = XCBuildConfiguration;
			buildSettings = {
				ALWAYS_SEARCH_USER_PATHS = NO;
				CLANG_CXX_LANGUAGE_STANDARD = "gnu++0x";
				CLANG_CXX_LIBRARY = "libc++";
				CLANG_ENABLE_MODULES = YES;
				CLANG_ENABLE_OBJC_ARC = YES;
				CLANG_WARN_BOOL_CONVERSION = YES;
				CLANG_WARN_CONSTANT_CONVERSION = YES;
				CLANG_WARN_DIRECT_OBJC_ISA_USAGE = YES_ERROR;
				CLANG_WARN_EMPTY_BODY = YES;
				CLANG_WARN_ENUM_CONVERSION = YES;
				CLANG_WARN_INT_CONVERSION = YES;
				CLANG_WARN_OBJC_ROOT_CLASS = YES_ERROR;
				CLANG_WARN_UNREACHABLE_CODE = YES;
				CLANG_WARN__DUPLICATE_METHOD_MATCH = YES;
				"CODE_SIGN_IDENTITY[sdk=iphoneos*]" = "iPhone Developer";
				COPY_PHASE_STRIP = NO;
				DEBUG_INFORMATION_FORMAT = dwarf;
				ENABLE_STRICT_OBJC_MSGSEND = YES;
				ENABLE_TESTABILITY = YES;
				GCC_C_LANGUAGE_STANDARD = gnu99;
				GCC_DYNAMIC_NO_PIC = NO;
				GCC_NO_COMMON_BLOCKS = YES;
				GCC_OPTIMIZATION_LEVEL = 0;
				GCC_PREPROCESSOR_DEFINITIONS = (
					"DEBUG=1",
					"$(inherited)",
				);
				GCC_WARN_64_TO_32_BIT_CONVERSION = YES;
				GCC_WARN_ABOUT_RETURN_TYPE = YES_ERROR;
				GCC_WARN_UNDECLARED_SELECTOR = YES;
				GCC_WARN_UNINITIALIZED_AUTOS = YES_AGGRESSIVE;
				GCC_WARN_UNUSED_FUNCTION = YES;
				GCC_WARN_UNUSED_VARIABLE = YES;
				IPHONEOS_DEPLOYMENT_TARGET = 9.1;
				MTL_ENABLE_DEBUG_INFO = YES;
				ONLY_ACTIVE_ARCH = YES;
				SDKROOT = iphoneos;
				SWIFT_OPTIMIZATION_LEVEL = "-Onone";
			};
			name = Debug;
		};
		551116E11F0F20350029912A /* Release */ = {
			isa = XCBuildConfiguration;
			buildSettings = {
				ALWAYS_SEARCH_USER_PATHS = NO;
				CLANG_CXX_LANGUAGE_STANDARD = "gnu++0x";
				CLANG_CXX_LIBRARY = "libc++";
				CLANG_ENABLE_MODULES = YES;
				CLANG_ENABLE_OBJC_ARC = YES;
				CLANG_WARN_BOOL_CONVERSION = YES;
				CLANG_WARN_CONSTANT_CONVERSION = YES;
				CLANG_WARN_DIRECT_OBJC_ISA_USAGE = YES_ERROR;
				CLANG_WARN_EMPTY_BODY = YES;
				CLANG_WARN_ENUM_CONVERSION = YES;
				CLANG_WARN_INT_CONVERSION = YES;
				CLANG_WARN_OBJC_ROOT_CLASS = YES_ERROR;
				CLANG_WARN_UNREACHABLE_CODE = YES;
				CLANG_WARN__DUPLICATE_METHOD_MATCH = YES;
				"CODE_SIGN_IDENTITY[sdk=iphoneos*]" = "iPhone Developer";
				COPY_PHASE_STRIP = NO;
				DEBUG_INFORMATION_FORMAT = "dwarf-with-dsym";
				ENABLE_NS_ASSERTIONS = NO;
				ENABLE_STRICT_OBJC_MSGSEND = YES;
				GCC_C_LANGUAGE_STANDARD = gnu99;
				GCC_NO_COMMON_BLOCKS = YES;
				GCC_WARN_64_TO_32_BIT_CONVERSION = YES;
				GCC_WARN_ABOUT_RETURN_TYPE = YES_ERROR;
				GCC_WARN_UNDECLARED_SELECTOR = YES;
				GCC_WARN_UNINITIALIZED_AUTOS = YES_AGGRESSIVE;
				GCC_WARN_UNUSED_FUNCTION = YES;
				GCC_WARN_UNUSED_VARIABLE = YES;
				IPHONEOS_DEPLOYMENT_TARGET = 9.1;
				MTL_ENABLE_DEBUG_INFO = NO;
				SDKROOT = iphoneos;
				VALIDATE_PRODUCT = YES;
			};
			name = Release;
		};
		551116E31F0F20350029912A /* Debug */ = {
			isa = XCBuildConfiguration;
			buildSettings = {
				ASSETCATALOG_COMPILER_APPICON_NAME = AppIcon;
				INFOPLIST_FILE = welcomePage/Info.plist;
				LD_RUNPATH_SEARCH_PATHS = "$(inherited) @executable_path/Frameworks";
				PRODUCT_BUNDLE_IDENTIFIER = com.day1.welcomePage;
				PRODUCT_NAME = "$(TARGET_NAME)";
			};
			name = Debug;
		};
		551116E41F0F20350029912A /* Release */ = {
			isa = XCBuildConfiguration;
			buildSettings = {
				ASSETCATALOG_COMPILER_APPICON_NAME = AppIcon;
				INFOPLIST_FILE = welcomePage/Info.plist;
				LD_RUNPATH_SEARCH_PATHS = "$(inherited) @executable_path/Frameworks";
				PRODUCT_BUNDLE_IDENTIFIER = com.day1.welcomePage;
				PRODUCT_NAME = "$(TARGET_NAME)";
			};
			name = Release;
		};
		551116E61F0F20350029912A /* Debug */ = {
			isa = XCBuildConfiguration;
			buildSettings = {
				BUNDLE_LOADER = "$(TEST_HOST)";
				INFOPLIST_FILE = welcomePageTests/Info.plist;
				LD_RUNPATH_SEARCH_PATHS = "$(inherited) @executable_path/Frameworks @loader_path/Frameworks";
				PRODUCT_BUNDLE_IDENTIFIER = com.day1.welcomePageTests;
				PRODUCT_NAME = "$(TARGET_NAME)";
				TEST_HOST = "$(BUILT_PRODUCTS_DIR)/welcomePage.app/welcomePage";
			};
			name = Debug;
		};
		551116E71F0F20350029912A /* Release */ = {
			isa = XCBuildConfiguration;
			buildSettings = {
				BUNDLE_LOADER = "$(TEST_HOST)";
				INFOPLIST_FILE = welcomePageTests/Info.plist;
				LD_RUNPATH_SEARCH_PATHS = "$(inherited) @executable_path/Frameworks @loader_path/Frameworks";
				PRODUCT_BUNDLE_IDENTIFIER = com.day1.welcomePageTests;
				PRODUCT_NAME = "$(TARGET_NAME)";
				TEST_HOST = "$(BUILT_PRODUCTS_DIR)/welcomePage.app/welcomePage";
			};
			name = Release;
		};
		551116E91F0F20350029912A /* Debug */ = {
			isa = XCBuildConfiguration;
			buildSettings = {
				INFOPLIST_FILE = welcomePageUITests/Info.plist;
				LD_RUNPATH_SEARCH_PATHS = "$(inherited) @executable_path/Frameworks @loader_path/Frameworks";
				PRODUCT_BUNDLE_IDENTIFIER = com.day1.welcomePageUITests;
				PRODUCT_NAME = "$(TARGET_NAME)";
				TEST_TARGET_NAME = welcomePage;
				USES_XCTRUNNER = YES;
			};
			name = Debug;
		};
		551116EA1F0F20350029912A /* Release */ = {
			isa = XCBuildConfiguration;
			buildSettings = {
				INFOPLIST_FILE = welcomePageUITests/Info.plist;
				LD_RUNPATH_SEARCH_PATHS = "$(inherited) @executable_path/Frameworks @loader_path/Frameworks";
				PRODUCT_BUNDLE_IDENTIFIER = com.day1.welcomePageUITests;
				PRODUCT_NAME = "$(TARGET_NAME)";
				TEST_TARGET_NAME = welcomePage;
				USES_XCTRUNNER = YES;
			};
			name = Release;
		};
/* End XCBuildConfiguration section */

/* Begin XCConfigurationList section */
		551116B51F0F20340029912A /* Build configuration list for PBXProject "welcomePage" */ = {
			isa = XCConfigurationList;
			buildConfigurations = (
				551116E01F0F20350029912A /* Debug */,
				551116E11F0F20350029912A /* Release */,
			);
			defaultConfigurationIsVisible = 0;
			defaultConfigurationName = Release;
		};
		551116E21F0F20350029912A /* Build configuration list for PBXNativeTarget "welcomePage" */ = {
			isa = XCConfigurationList;
			buildConfigurations = (
				551116E31F0F20350029912A /* Debug */,
				551116E41F0F20350029912A /* Release */,
			);
			defaultConfigurationIsVisible = 0;
		};
		551116E51F0F20350029912A /* Build configuration list for PBXNativeTarget "welcomePageTests" */ = {
			isa = XCConfigurationList;
			buildConfigurations = (
				551116E61F0F20350029912A /* Debug */,
				551116E71F0F20350029912A /* Release */,
			);
			defaultConfigurationIsVisible = 0;
		};
		551116E81F0F20350029912A /* Build configuration list for PBXNativeTarget "welcomePageUITests" */ = {
			isa = XCConfigurationList;
			buildConfigurations = (
				551116E91F0F20350029912A /* Debug */,
				551116EA1F0F20350029912A /* Release */,
			);
			defaultConfigurationIsVisible = 0;
		};
/* End XCConfigurationList section */
	};
	rootObject = 551116B21F0F20340029912A /* Project object */;
}
